
Microsoft Visual Studio Solution File, Format Version 11.00
# Visual Studio 2010
Project("{FAE04EC0-301F-11D3-BF4B-00C04F79EFBC}") = "DPEServerViewerClientApp", "DPEServerViewerClientApp.csproj", "{F86FCA9F-BA0E-4988-9E1F-42BC79D7D455}"
EndProject
Project("{FAE04EC0-301F-11D3-BF4B-00C04F79EFBC}") = "UtilitiesLibrary", "..\..\..\..\..\..\UtilitiesFramework\Library\UtilitiesLibrary\UtilitiesLibrary.csproj", "{F9CE571C-4762-4241-A0EB-AD2E3DCED43A}"
EndProject
Project("{FAE04EC0-301F-11D3-BF4B-00C04F79EFBC}") = "CommunicationsLibrary", "..\..\..\..\..\CommunicationsLibrary\CommunicationsLibrary.csproj", "{8EBAE7C1-2F6C-47AB-8834-F7A568912E78}"
EndProject
Project("{FAE04EC0-301F-11D3-BF4B-00C04F79EFBC}") = "CommunicationsUISupportLibrary", "..\..\..\..\..\CommunicationsUISupportLibrary\CommunicationsUISupportLibrary.csproj", "{9CBCB7C8-0E40-413E-9615-7EE9870F2B1B}"
EndProject
Global
	GlobalSection(SolutionConfigurationPlatforms) = preSolution
		Debug|Any CPU = Debug|Any CPU
		Release|Any CPU = Release|Any CPU
	EndGlobalSection
	GlobalSection(ProjectConfigurationPlatforms) = postSolution
		{F86FCA9F-BA0E-4988-9E1F-42BC79D7D455}.Debug|Any CPU.ActiveCfg = Debug|Any CPU
		{F86FCA9F-BA0E-4988-9E1F-42BC79D7D455}.Debug|Any CPU.Build.0 = Debug|Any CPU
		{F86FCA9F-BA0E-4988-9E1F-42BC79D7D455}.Release|Any CPU.ActiveCfg = Release|Any CPU
		{F86FCA9F-BA0E-4988-9E1F-42BC79D7D455}.Release|Any CPU.Build.0 = Release|Any CPU
		{F9CE571C-4762-4241-A0EB-AD2E3DCED43A}.Debug|Any CPU.ActiveCfg = Debug|Any CPU
		{F9CE571C-4762-4241-A0EB-AD2E3DCED43A}.Debug|Any CPU.Build.0 = Debug|Any CPU
		{F9CE571C-4762-4241-A0EB-AD2E3DCED43A}.Release|Any CPU.ActiveCfg = Release|Any CPU
		{F9CE571C-4762-4241-A0EB-AD2E3DCED43A}.Release|Any CPU.Build.0 = Release|Any CPU
		{8EBAE7C1-2F6C-47AB-8834-F7A568912E78}.Debug|Any CPU.ActiveCfg = Debug|Any CPU
		{8EBAE7C1-2F6C-47AB-8834-F7A568912E78}.Debug|Any CPU.Build.0 = Debug|Any CPU
		{8EBAE7C1-2F6C-47AB-8834-F7A568912E78}.Release|Any CPU.ActiveCfg = Release|Any CPU
		{8EBAE7C1-2F6C-47AB-8834-F7A568912E78}.Release|Any CPU.Build.0 = Release|Any CPU
		{9CBCB7C8-0E40-413E-9615-7EE9870F2B1B}.Debug|Any CPU.ActiveCfg = Debug|Any CPU
		{9CBCB7C8-0E40-413E-9615-7EE9870F2B1B}.Debug|Any CPU.Build.0 = Debug|Any CPU
		{9CBCB7C8-0E40-413E-9615-7EE9870F2B1B}.Release|Any CPU.ActiveCfg = Release|Any CPU
		{9CBCB7C8-0E40-413E-9615-7EE9870F2B1B}.Release|Any CPU.Build.0 = Release|Any CPU
	EndGlobalSection
	GlobalSection(SolutionProperties) = preSolution
		HideSolutionNode = FALSE
	EndGlobalSection
EndGlobal
