
Microsoft Visual Studio Solution File, Format Version 11.00
# Visual Studio 2010
Project("{F184B08F-C81C-45F6-A57F-5ABD9991F28F}") = "AsynchronousTCPSocketListenerClientTestApp", "AsynchronousTCPSocketListenerClientTestApp.vbproj", "{A3D629B3-F288-45F1-B9D5-B942F8C5249B}"
EndProject
Project("{F184B08F-C81C-45F6-A57F-5ABD9991F28F}") = "UtilitiesLibrary", "..\..\..\..\..\UtilitiesFramework\Library\UtilitiesLibrary\UtilitiesLibrary.vbproj", "{13CEA79F-1707-4D5D-B2A3-488B35430FCC}"
EndProject
Project("{F184B08F-C81C-45F6-A57F-5ABD9991F28F}") = "CommunicationsLibrary", "..\..\..\..\CommunicationsLibrary\CommunicationsLibrary.vbproj", "{8EBAE7C1-2F6C-47AB-8834-F7A568912E78}"
EndProject
Global
	GlobalSection(SolutionConfigurationPlatforms) = preSolution
		Debug|Any CPU = Debug|Any CPU
		Release|Any CPU = Release|Any CPU
	EndGlobalSection
	GlobalSection(ProjectConfigurationPlatforms) = postSolution
		{A3D629B3-F288-45F1-B9D5-B942F8C5249B}.Debug|Any CPU.ActiveCfg = Release|Any CPU
		{A3D629B3-F288-45F1-B9D5-B942F8C5249B}.Debug|Any CPU.Build.0 = Release|Any CPU
		{A3D629B3-F288-45F1-B9D5-B942F8C5249B}.Release|Any CPU.ActiveCfg = Release|Any CPU
		{A3D629B3-F288-45F1-B9D5-B942F8C5249B}.Release|Any CPU.Build.0 = Release|Any CPU
		{13CEA79F-1707-4D5D-B2A3-488B35430FCC}.Debug|Any CPU.ActiveCfg = Release|Any CPU
		{13CEA79F-1707-4D5D-B2A3-488B35430FCC}.Debug|Any CPU.Build.0 = Release|Any CPU
		{13CEA79F-1707-4D5D-B2A3-488B35430FCC}.Release|Any CPU.ActiveCfg = Release|Any CPU
		{13CEA79F-1707-4D5D-B2A3-488B35430FCC}.Release|Any CPU.Build.0 = Release|Any CPU
		{8EBAE7C1-2F6C-47AB-8834-F7A568912E78}.Debug|Any CPU.ActiveCfg = Release|Any CPU
		{8EBAE7C1-2F6C-47AB-8834-F7A568912E78}.Debug|Any CPU.Build.0 = Release|Any CPU
		{8EBAE7C1-2F6C-47AB-8834-F7A568912E78}.Release|Any CPU.ActiveCfg = Release|Any CPU
		{8EBAE7C1-2F6C-47AB-8834-F7A568912E78}.Release|Any CPU.Build.0 = Release|Any CPU
	EndGlobalSection
	GlobalSection(SolutionProperties) = preSolution
		HideSolutionNode = FALSE
	EndGlobalSection
EndGlobal
